
Microsoft Visual Studio Solution File, Format Version 12.00
# Visual Studio Version 16
VisualStudioVersion = 16.0.30011.22
MinimumVisualStudioVersion = 10.0.40219.1
Project("{FAE04EC0-301F-11D3-BF4B-00C04F79EFBC}") = "ASteller", "ASteller.csproj", "{B1183E11-1527-4FE0-B981-1B62AE822CB3}"
EndProject
Global
	GlobalSection(SolutionConfigurationPlatforms) = preSolution
		Debug|Any CPU = Debug|Any CPU
		Release|Any CPU = Release|Any CPU
	EndGlobalSection
	GlobalSection(ProjectConfigurationPlatforms) = postSolution
		{B1183E11-1527-4FE0-B981-1B62AE822CB3}.Debug|Any CPU.ActiveCfg = Debug|Any CPU
		{B1183E11-1527-4FE0-B981-1B62AE822CB3}.Debug|Any CPU.Build.0 = Debug|Any CPU
		{B1183E11-1527-4FE0-B981-1B62AE822CB3}.Release|Any CPU.ActiveCfg = Release|Any CPU
		{B1183E11-1527-4FE0-B981-1B62AE822CB3}.Release|Any CPU.Build.0 = Release|Any CPU
	EndGlobalSection
	GlobalSection(SolutionProperties) = preSolution
		HideSolutionNode = FALSE
	EndGlobalSection
	GlobalSection(ExtensibilityGlobals) = postSolution
		SolutionGuid = {88DA6357-F6B3-4A2D-97B1-3E128E006E70}
	EndGlobalSection
EndGlobal
